<?xml version="1.0" encoding="utf-8"?>
<Project ToolsVersion="4.0" xmlns="http://schemas.microsoft.com/developer/msbuild/2003">
  <ItemGroup>
    <Filter Include="Headers">
      <UniqueIdentifier>{93995380-89BD-4b04-88EB-625FBE52EBFB}</UniqueIdentifier>
      <Extensions>h;hh;hpp;hxx;hm;inl;inc;ipp;xsd</Extensions>
    </Filter>
    <Filter Include="Sources">
      <UniqueIdentifier>{4FC737F1-C7A5-4376-A066-2A32D752A2FF}</UniqueIdentifier>
      <Extensions>cpp;c;cc;cxx;def;odl;idl;hpj;bat;asm;asmx</Extensions>
    </Filter>
    <Filter Include="Resources">
      <UniqueIdentifier>{67DA6AB6-F800-4c08-8B7A-83BB121AAD01}</UniqueIdentifier>
      <Extensions>rc;ico;cur;bmp;dlg;rc2;rct;bin;rgs;gif;jpg;jpeg;jpe;resx;tiff;tif;png;wav;mfcribbon-ms</Extensions>
    </Filter>
  </ItemGroup>
  <ItemGroup>
    <ClCompile Include="..\..\code\sources\AudioComponent.cpp">
      <Filter>Sources</Filter>
    </ClCompile>
    <ClCompile Include="..\..\code\sources\AudioModule.cpp">
      <Filter>Sources</Filter>
    </ClCompile>
    <ClCompile Include="..\..\code\sources\CameraComponent.cpp">
      <Filter>Sources</Filter>
    </ClCompile>
    <ClCompile Include="..\..\code\sources\CameraModule.cpp">
      <Filter>Sources</Filter>
    </ClCompile>
    <ClCompile Include="..\..\code\sources\Entity.cpp">
      <Filter>Sources</Filter>
    </ClCompile>
    <ClCompile Include="..\..\code\sources\InputTask.cpp">
      <Filter>Sources</Filter>
    </ClCompile>
    <ClCompile Include="..\..\code\sources\Kernel.cpp">
      <Filter>Sources</Filter>
    </ClCompile>
    <ClCompile Include="..\..\code\sources\Module.cpp">
      <Filter>Sources</Filter>
    </ClCompile>
    <ClCompile Include="..\..\code\sources\RendererComponent.cpp">
      <Filter>Sources</Filter>
    </ClCompile>
    <ClCompile Include="..\..\code\sources\RenderModule.cpp">
      <Filter>Sources</Filter>
    </ClCompile>
    <ClCompile Include="..\..\code\sources\Scene.cpp">
      <Filter>Sources</Filter>
    </ClCompile>
    <ClCompile Include="..\..\code\sources\ScriptModule.cpp">
      <Filter>Sources</Filter>
    </ClCompile>
    <ClCompile Include="..\..\code\sources\TransformComponent.cpp">
      <Filter>Sources</Filter>
    </ClCompile>
    <ClCompile Include="..\..\code\sources\TransformModule.cpp">
      <Filter>Sources</Filter>
    </ClCompile>
    <ClCompile Include="..\..\code\sources\Window.cpp">
      <Filter>Sources</Filter>
    </ClCompile>
    <ClCompile Include="..\..\code\sources\LightComponent.cpp">
      <Filter>Sources</Filter>
    </ClCompile>
    <ClCompile Include="..\..\code\sources\LightModule.cpp">
      <Filter>Sources</Filter>
    </ClCompile>
  </ItemGroup>
  <ItemGroup>
    <ClInclude Include="..\..\code\headers\AudioComponent.hpp">
      <Filter>Headers</Filter>
    </ClInclude>
    <ClInclude Include="..\..\code\headers\AudioModule.hpp">
      <Filter>Headers</Filter>
    </ClInclude>
    <ClInclude Include="..\..\code\headers\CameraComponent.hpp">
      <Filter>Headers</Filter>
    </ClInclude>
    <ClInclude Include="..\..\code\headers\CameraModule.hpp">
      <Filter>Headers</Filter>
    </ClInclude>
    <ClInclude Include="..\..\code\headers\Entity.hpp">
      <Filter>Headers</Filter>
    </ClInclude>
    <ClInclude Include="..\..\code\headers\InputTask.hpp">
      <Filter>Headers</Filter>
    </ClInclude>
    <ClInclude Include="..\..\code\headers\Kernel.hpp">
      <Filter>Headers</Filter>
    </ClInclude>
    <ClInclude Include="..\..\code\headers\Message.hpp">
      <Filter>Headers</Filter>
    </ClInclude>
    <ClInclude Include="..\..\code\headers\MessageHandler.hpp">
      <Filter>Headers</Filter>
    </ClInclude>
    <ClInclude Include="..\..\code\headers\Module.hpp">
      <Filter>Headers</Filter>
    </ClInclude>
    <ClInclude Include="..\..\code\headers\RendererComponent.hpp">
      <Filter>Headers</Filter>
    </ClInclude>
    <ClInclude Include="..\..\code\headers\RenderModule.hpp">
      <Filter>Headers</Filter>
    </ClInclude>
    <ClInclude Include="..\..\code\headers\Scene.hpp">
      <Filter>Headers</Filter>
    </ClInclude>
    <ClInclude Include="..\..\code\headers\ScriptComponent.hpp">
      <Filter>Headers</Filter>
    </ClInclude>
    <ClInclude Include="..\..\code\headers\ScriptModule.hpp">
      <Filter>Headers</Filter>
    </ClInclude>
    <ClInclude Include="..\..\code\headers\Task.hpp">
      <Filter>Headers</Filter>
    </ClInclude>
    <ClInclude Include="..\..\code\headers\TransformComponent.hpp">
      <Filter>Headers</Filter>
    </ClInclude>
    <ClInclude Include="..\..\code\headers\TransformModule.hpp">
      <Filter>Headers</Filter>
    </ClInclude>
    <ClInclude Include="..\..\code\headers\Window.hpp">
      <Filter>Headers</Filter>
    </ClInclude>
    <ClInclude Include="..\..\code\headers\LightComponent.hpp">
      <Filter>Headers</Filter>
    </ClInclude>
    <ClInclude Include="..\..\code\headers\LightModule.hpp">
      <Filter>Headers</Filter>
    </ClInclude>
    <ClInclude Include="..\..\code\headers\Listener.hpp">
      <Filter>Headers</Filter>
    </ClInclude>
    <ClInclude Include="..\..\code\headers\Component.hpp">
      <Filter>Headers</Filter>
    </ClInclude>
  </ItemGroup>
</Project>